
Microsoft Visual Studio Solution File, Format Version 12.00
# Visual Studio 15
VisualStudioVersion = 15.0.26730.16
MinimumVisualStudioVersion = 10.0.40219.1
Project("{FAE04EC0-301F-11D3-BF4B-00C04F79EFBC}") = "ArrayDataStructure", "ArrayDataStructure\ArrayDataStructure.csproj", "{D1342F1E-CE9E-4399-B7D8-37DEC0105705}"
EndProject
Global
	GlobalSection(SolutionConfigurationPlatforms) = preSolution
		Debug|Any CPU = Debug|Any CPU
		Release|Any CPU = Release|Any CPU
	EndGlobalSection
	GlobalSection(ProjectConfigurationPlatforms) = postSolution
		{D1342F1E-CE9E-4399-B7D8-37DEC0105705}.Debug|Any CPU.ActiveCfg = Debug|Any CPU
		{D1342F1E-CE9E-4399-B7D8-37DEC0105705}.Debug|Any CPU.Build.0 = Debug|Any CPU
		{D1342F1E-CE9E-4399-B7D8-37DEC0105705}.Release|Any CPU.ActiveCfg = Release|Any CPU
		{D1342F1E-CE9E-4399-B7D8-37DEC0105705}.Release|Any CPU.Build.0 = Release|Any CPU
	EndGlobalSection
	GlobalSection(SolutionProperties) = preSolution
		HideSolutionNode = FALSE
	EndGlobalSection
	GlobalSection(ExtensibilityGlobals) = postSolution
		SolutionGuid = {3BAF59EC-CEA1-43B5-A729-11F9D90A6AFA}
	EndGlobalSection
EndGlobal
