
Microsoft Visual Studio Solution File, Format Version 12.00
# Visual Studio 15
VisualStudioVersion = 15.0.26730.16
MinimumVisualStudioVersion = 10.0.40219.1
Project("{FAE04EC0-301F-11D3-BF4B-00C04F79EFBC}") = "String Manipulation", "String Manipulation\String Manipulation.csproj", "{734142AE-7860-4C4E-9B55-B2C05671961A}"
EndProject
Global
	GlobalSection(SolutionConfigurationPlatforms) = preSolution
		Debug|Any CPU = Debug|Any CPU
		Release|Any CPU = Release|Any CPU
	EndGlobalSection
	GlobalSection(ProjectConfigurationPlatforms) = postSolution
		{734142AE-7860-4C4E-9B55-B2C05671961A}.Debug|Any CPU.ActiveCfg = Debug|Any CPU
		{734142AE-7860-4C4E-9B55-B2C05671961A}.Debug|Any CPU.Build.0 = Debug|Any CPU
		{734142AE-7860-4C4E-9B55-B2C05671961A}.Release|Any CPU.ActiveCfg = Release|Any CPU
		{734142AE-7860-4C4E-9B55-B2C05671961A}.Release|Any CPU.Build.0 = Release|Any CPU
	EndGlobalSection
	GlobalSection(SolutionProperties) = preSolution
		HideSolutionNode = FALSE
	EndGlobalSection
	GlobalSection(ExtensibilityGlobals) = postSolution
		SolutionGuid = {811D6409-F80A-4E12-A9E0-F6E3F5FD3099}
	EndGlobalSection
EndGlobal
